
Microsoft Visual Studio Solution File, Format Version 12.00
# Visual Studio 2013
VisualStudioVersion = 12.0.40629.0
MinimumVisualStudioVersion = 10.0.40219.1
Project("{FAE04EC0-301F-11D3-BF4B-00C04F79EFBC}") = "WalkTheDog", "WalkTheDog\WalkTheDog.csproj", "{1765687F-2591-4B11-BA94-5BDC587BB7DD}"
EndProject
Project("{FAE04EC0-301F-11D3-BF4B-00C04F79EFBC}") = "WalkTheDog.Public", "WalkTheDog.Public\WalkTheDog.Public.csproj", "{8066737D-423C-4E57-8C41-871AFF979EEB}"
EndProject
Project("{FAE04EC0-301F-11D3-BF4B-00C04F79EFBC}") = "WalkTheDog.Data", "WalkTheDog.Data\WalkTheDog.Data.csproj", "{AFEF70DD-B550-4132-B153-B624A10F5184}"
EndProject
Project("{FAE04EC0-301F-11D3-BF4B-00C04F79EFBC}") = "WalkTheDog.BusinessLogic", "WalkTheDog.BusinessLogi\WalkTheDog.BusinessLogic.csproj", "{3F336384-364C-4A93-9061-CFCAD13805D5}"
EndProject
Project("{00D1A9C2-B5F0-4AF3-8072-F6C62B433612}") = "WalkTheDog.Database", "WalkTheDog.Database\WalkTheDog.Database.sqlproj", "{5C500888-F971-49CF-8AC3-8B43E3A7C620}"
EndProject
Global
	GlobalSection(SolutionConfigurationPlatforms) = preSolution
		Debug|Any CPU = Debug|Any CPU
		Release|Any CPU = Release|Any CPU
	EndGlobalSection
	GlobalSection(ProjectConfigurationPlatforms) = postSolution
		{1765687F-2591-4B11-BA94-5BDC587BB7DD}.Debug|Any CPU.ActiveCfg = Debug|Any CPU
		{1765687F-2591-4B11-BA94-5BDC587BB7DD}.Debug|Any CPU.Build.0 = Debug|Any CPU
		{1765687F-2591-4B11-BA94-5BDC587BB7DD}.Release|Any CPU.ActiveCfg = Release|Any CPU
		{1765687F-2591-4B11-BA94-5BDC587BB7DD}.Release|Any CPU.Build.0 = Release|Any CPU
		{8066737D-423C-4E57-8C41-871AFF979EEB}.Debug|Any CPU.ActiveCfg = Debug|Any CPU
		{8066737D-423C-4E57-8C41-871AFF979EEB}.Debug|Any CPU.Build.0 = Debug|Any CPU
		{8066737D-423C-4E57-8C41-871AFF979EEB}.Release|Any CPU.ActiveCfg = Release|Any CPU
		{8066737D-423C-4E57-8C41-871AFF979EEB}.Release|Any CPU.Build.0 = Release|Any CPU
		{AFEF70DD-B550-4132-B153-B624A10F5184}.Debug|Any CPU.ActiveCfg = Debug|Any CPU
		{AFEF70DD-B550-4132-B153-B624A10F5184}.Debug|Any CPU.Build.0 = Debug|Any CPU
		{AFEF70DD-B550-4132-B153-B624A10F5184}.Release|Any CPU.ActiveCfg = Release|Any CPU
		{AFEF70DD-B550-4132-B153-B624A10F5184}.Release|Any CPU.Build.0 = Release|Any CPU
		{3F336384-364C-4A93-9061-CFCAD13805D5}.Debug|Any CPU.ActiveCfg = Debug|Any CPU
		{3F336384-364C-4A93-9061-CFCAD13805D5}.Debug|Any CPU.Build.0 = Debug|Any CPU
		{3F336384-364C-4A93-9061-CFCAD13805D5}.Release|Any CPU.ActiveCfg = Release|Any CPU
		{3F336384-364C-4A93-9061-CFCAD13805D5}.Release|Any CPU.Build.0 = Release|Any CPU
		{5C500888-F971-49CF-8AC3-8B43E3A7C620}.Debug|Any CPU.ActiveCfg = Debug|Any CPU
		{5C500888-F971-49CF-8AC3-8B43E3A7C620}.Debug|Any CPU.Build.0 = Debug|Any CPU
		{5C500888-F971-49CF-8AC3-8B43E3A7C620}.Debug|Any CPU.Deploy.0 = Debug|Any CPU
		{5C500888-F971-49CF-8AC3-8B43E3A7C620}.Release|Any CPU.ActiveCfg = Release|Any CPU
		{5C500888-F971-49CF-8AC3-8B43E3A7C620}.Release|Any CPU.Build.0 = Release|Any CPU
		{5C500888-F971-49CF-8AC3-8B43E3A7C620}.Release|Any CPU.Deploy.0 = Release|Any CPU
	EndGlobalSection
	GlobalSection(SolutionProperties) = preSolution
		HideSolutionNode = FALSE
	EndGlobalSection
EndGlobal
